
Microsoft Visual Studio Solution File, Format Version 12.00
# Visual Studio Version 16
VisualStudioVersion = 25.0.1700.2
MinimumVisualStudioVersion = 10.0.40219.1
Project("{FAE04EC0-301F-11D3-BF4B-00C04F79EFBC}") = "21JuneHW", "21JuneHW\21JuneHW.csproj", "{104666F9-50DA-4E11-A7DF-72DFEB2F480E}"
EndProject
Global
	GlobalSection(SolutionConfigurationPlatforms) = preSolution
		Debug|Any CPU = Debug|Any CPU
		Release|Any CPU = Release|Any CPU
	EndGlobalSection
	GlobalSection(ProjectConfigurationPlatforms) = postSolution
		{104666F9-50DA-4E11-A7DF-72DFEB2F480E}.Debug|Any CPU.ActiveCfg = Debug|Any CPU
		{104666F9-50DA-4E11-A7DF-72DFEB2F480E}.Debug|Any CPU.Build.0 = Debug|Any CPU
		{104666F9-50DA-4E11-A7DF-72DFEB2F480E}.Release|Any CPU.ActiveCfg = Release|Any CPU
		{104666F9-50DA-4E11-A7DF-72DFEB2F480E}.Release|Any CPU.Build.0 = Release|Any CPU
	EndGlobalSection
	GlobalSection(SolutionProperties) = preSolution
		HideSolutionNode = FALSE
	EndGlobalSection
	GlobalSection(ExtensibilityGlobals) = postSolution
		SolutionGuid = {385DA362-48D8-47C5-B0BA-DBE6AAD0D161}
	EndGlobalSection
EndGlobal
